{
  "name": "watchtower-latency-profiler",
  "version": "1.0.0",
  "lockfileVersion": 1,
  "requires": true,
  "dependencies": {
    "graphviz": {
      "version": "0.0.8",
      "resolved": "https://registry.npmjs.org/graphviz/-/graphviz-0.0.8.tgz",
      "integrity": "sha1-5ZnkBzPvgOFlO/6JpfAx7PKqSqo=",
      "requires": {
        "temp": "~0.4.0"
      }
    },
    "temp": {
      "version": "0.4.0",
      "resolved": "https://registry.npmjs.org/temp/-/temp-0.4.0.tgz",
      "integrity": "sha1-ZxrWPVe+D+nXKUZks/xABjZnimA="
    },
    "vm2": {
      "version": "3.6.10",
      "resolved": "https://registry.npmjs.org/vm2/-/vm2-3.6.10.tgz",
      "integrity": "sha512-p4LBl7theIhmKaWPdCn25kEIG0bfDDEDx1lexXH7gcCu9pHIT+PKFgofwLHVHUGhe39lKExeaYVEZtdbQhdl2g=="
    },
    "watchtower-log-ingestion": {
      "version": "1.4.0",
      "resolved": "https://registry.npmjs.org/watchtower-log-ingestion/-/watchtower-log-ingestion-1.4.0.tgz",
      "integrity": "sha512-Vv2IGHx+EqDwHxwWZu4WGxXWGhGPf5v78DP9XWkEuFtuesR/IIioklselyz8qm7NTKCIzawOs9dtF4+COkYeXA==",
      "requires": {
        "watchtower-property-utils": "^1.0.0"
      }
    },
    "watchtower-monitor": {
      "version": "1.1.1",
      "resolved": "https://registry.npmjs.org/watchtower-monitor/-/watchtower-monitor-1.1.1.tgz",
      "integrity": "sha512-RIIqv2ee3Bqqo5K/JUfqc2e4qBrcT7dFCp/k1+ONgfMY4VLVhqn12GQs9hHnakcwylhw0cujTVFD56zT5zYI7g=="
    },
    "watchtower-property-utils": {
      "version": "1.0.0",
      "resolved": "https://registry.npmjs.org/watchtower-property-utils/-/watchtower-property-utils-1.0.0.tgz",
      "integrity": "sha512-t6SdSGasdv7RN/Czlr6IJdon0Qgvei8ucRYMWFdtKuYCge9z0UswGuW4OrUlfBRK0IjfNJY6AgPry16IaDUgog==",
      "requires": {
        "graphviz": "0.0.8"
      }
    },
    "watchtower-recorder": {
      "version": "1.2.0",
      "resolved": "https://registry.npmjs.org/watchtower-recorder/-/watchtower-recorder-1.2.0.tgz",
      "integrity": "sha512-tmx/TBkQ1y+GY40Mbim8/zQ01CJeXq3cVxgWlc5v/Kd8TNsS5/d31KaeaDPB0QgCyVLNTDhjdwhAbNdwE4gNYw==",
      "requires": {
        "vm2": "^3.6.4"
      }
    }
  }
}
